<?xml version="1.0" encoding="UTF-8" standalone="yes" ?>
<CodeBlocks_project_file>
	<FileVersion major="1" minor="6" />
	<Project>
		<Option title="KikooShell" />
		<Option pch_mode="2" />
		<Option compiler="gcc" />
		<Build>
			<Target title="Debug">
				<Option output="bin/Debug/KikooShell" prefix_auto="1" extension_auto="1" />
				<Option working_dir="bin/Release/root" />
				<Option object_output="obj/Debug/" />
				<Option type="1" />
				<Option compiler="gcc" />
				<Compiler>
					<Add option="-g" />
				</Compiler>
			</Target>
			<Target title="Release">
				<Option output="bin/Release/root/trhuKaintern/KikooShell" prefix_auto="1" extension_auto="1" />
				<Option working_dir="bin/Release/root" />
				<Option object_output="obj/Release/" />
				<Option type="1" />
				<Option compiler="gcc" />
				<Compiler>
					<Add option="-O2" />
				</Compiler>
				<Linker>
					<Add option="-s" />
				</Linker>
			</Target>
		</Build>
		<Compiler>
			<Add option="-std=c++11" />
			<Add option="-Wall" />
			<Add option="-fexceptions" />
			<Add directory="C:/Documents and Settings/alexis/Mes documents/scripts/libs/SFML-2.2/include" />
		</Compiler>
		<Linker>
			<Add library="sfml-network" />
			<Add library="sfml-audio" />
			<Add library="sfml-system" />
			<Add library="wininet" />
			<Add library="crypt32" />
			<Add directory="C:/Documents and Settings/alexis/Mes documents/scripts/libs/SFML-2.2/lib" />
		</Linker>
		<Unit filename="inputFuncs.cpp" />
		<Unit filename="inputFuncs.hpp" />
		<Unit filename="main.cpp" />
		<Unit filename="main.hpp" />
		<Unit filename="mainStructs.hpp" />
		<Unit filename="outputFuncs.cpp" />
		<Unit filename="outputFuncs.hpp" />
		<Unit filename="progFuncs.cpp" />
		<Unit filename="progFuncs.hpp" />
		<Unit filename="son.cpp" />
		<Unit filename="son.hpp" />
		<Extensions>
			<code_completion />
			<envvars />
			<debugger />
			<lib_finder disable_auto="1" />
		</Extensions>
	</Project>
</CodeBlocks_project_file>
